
Microsoft Visual Studio Solution File, Format Version 12.00
# Visual Studio Version 16
VisualStudioVersion = 16.0.32802.440
MinimumVisualStudioVersion = 10.0.40219.1
Project("{FAE04EC0-301F-11D3-BF4B-00C04F79EFBC}") = "TarefaBackEnd", "TarefaBackEnd\TarefaBackEnd.csproj", "{D2B55AC5-9F0A-4C09-A089-A0207D45F492}"
EndProject
Global
	GlobalSection(SolutionConfigurationPlatforms) = preSolution
		Debug|Any CPU = Debug|Any CPU
		Release|Any CPU = Release|Any CPU
	EndGlobalSection
	GlobalSection(ProjectConfigurationPlatforms) = postSolution
		{D2B55AC5-9F0A-4C09-A089-A0207D45F492}.Debug|Any CPU.ActiveCfg = Debug|Any CPU
		{D2B55AC5-9F0A-4C09-A089-A0207D45F492}.Debug|Any CPU.Build.0 = Debug|Any CPU
		{D2B55AC5-9F0A-4C09-A089-A0207D45F492}.Release|Any CPU.ActiveCfg = Release|Any CPU
		{D2B55AC5-9F0A-4C09-A089-A0207D45F492}.Release|Any CPU.Build.0 = Release|Any CPU
	EndGlobalSection
	GlobalSection(SolutionProperties) = preSolution
		HideSolutionNode = FALSE
	EndGlobalSection
	GlobalSection(ExtensibilityGlobals) = postSolution
		SolutionGuid = {DE6AD442-B558-4402-9178-7FBE638F2B3B}
	EndGlobalSection
EndGlobal
